
Microsoft Visual Studio Solution File, Format Version 12.00
# Visual Studio Version 16
VisualStudioVersion = 16.0.32228.343
MinimumVisualStudioVersion = 10.0.40219.1
Project("{FAE04EC0-301F-11D3-BF4B-00C04F79EFBC}") = "UnitTests", "UnitTests.csproj", "{61D2C638-528F-4BB2-910A-21CA6B77988B}"
EndProject
Project("{FAE04EC0-301F-11D3-BF4B-00C04F79EFBC}") = "UnitTestsTests", "..\UnitTestsTests\UnitTestsTests.csproj", "{BFF7A7B1-A4F2-494E-9727-A4C3A7AB6EEE}"
EndProject
Global
	GlobalSection(SolutionConfigurationPlatforms) = preSolution
		Debug|Any CPU = Debug|Any CPU
		Release|Any CPU = Release|Any CPU
	EndGlobalSection
	GlobalSection(ProjectConfigurationPlatforms) = postSolution
		{61D2C638-528F-4BB2-910A-21CA6B77988B}.Debug|Any CPU.ActiveCfg = Debug|Any CPU
		{61D2C638-528F-4BB2-910A-21CA6B77988B}.Debug|Any CPU.Build.0 = Debug|Any CPU
		{61D2C638-528F-4BB2-910A-21CA6B77988B}.Release|Any CPU.ActiveCfg = Release|Any CPU
		{61D2C638-528F-4BB2-910A-21CA6B77988B}.Release|Any CPU.Build.0 = Release|Any CPU
		{BFF7A7B1-A4F2-494E-9727-A4C3A7AB6EEE}.Debug|Any CPU.ActiveCfg = Debug|Any CPU
		{BFF7A7B1-A4F2-494E-9727-A4C3A7AB6EEE}.Debug|Any CPU.Build.0 = Debug|Any CPU
		{BFF7A7B1-A4F2-494E-9727-A4C3A7AB6EEE}.Release|Any CPU.ActiveCfg = Release|Any CPU
		{BFF7A7B1-A4F2-494E-9727-A4C3A7AB6EEE}.Release|Any CPU.Build.0 = Release|Any CPU
	EndGlobalSection
	GlobalSection(SolutionProperties) = preSolution
		HideSolutionNode = FALSE
	EndGlobalSection
	GlobalSection(ExtensibilityGlobals) = postSolution
		SolutionGuid = {E02F03CC-E4CD-4188-AC7D-4D94E1DB75EE}
	EndGlobalSection
EndGlobal
